
Microsoft Visual Studio Solution File, Format Version 12.00
# Visual Studio Version 17
VisualStudioVersion = 17.3.32825.248
MinimumVisualStudioVersion = 10.0.40219.1
Project("{8BC9CEB8-8B4A-11D0-8D11-00A0C91BC942}") = "myCompiler", "myCompiler\myCompiler.vcxproj", "{743B9306-E9A4-4953-953C-C0B41A02BC8A}"
EndProject
Global
	GlobalSection(SolutionConfigurationPlatforms) = preSolution
		Debug|x64 = Debug|x64
		Release|x64 = Release|x64
	EndGlobalSection
	GlobalSection(ProjectConfigurationPlatforms) = postSolution
		{743B9306-E9A4-4953-953C-C0B41A02BC8A}.Debug|x64.ActiveCfg = Debug|x64
		{743B9306-E9A4-4953-953C-C0B41A02BC8A}.Debug|x64.Build.0 = Debug|x64
		{743B9306-E9A4-4953-953C-C0B41A02BC8A}.Release|x64.ActiveCfg = Release|x64
		{743B9306-E9A4-4953-953C-C0B41A02BC8A}.Release|x64.Build.0 = Release|x64
	EndGlobalSection
	GlobalSection(SolutionProperties) = preSolution
		HideSolutionNode = FALSE
	EndGlobalSection
	GlobalSection(ExtensibilityGlobals) = postSolution
		SolutionGuid = {AA7F08FA-61EF-4E35-8E70-7B6F3AB473FF}
	EndGlobalSection
EndGlobal
